
Microsoft Visual Studio Solution File, Format Version 12.00
# Visual Studio 15
VisualStudioVersion = 15.0.28307.572
MinimumVisualStudioVersion = 10.0.40219.1
Project("{FAE04EC0-301F-11D3-BF4B-00C04F79EFBC}") = "W3_Sorting_E3", "W3_Sorting_E3\W3_Sorting_E3.csproj", "{2D39D011-D0A3-47AE-B6F7-032498447571}"
EndProject
Global
	GlobalSection(SolutionConfigurationPlatforms) = preSolution
		Debug|Any CPU = Debug|Any CPU
		Release|Any CPU = Release|Any CPU
	EndGlobalSection
	GlobalSection(ProjectConfigurationPlatforms) = postSolution
		{2D39D011-D0A3-47AE-B6F7-032498447571}.Debug|Any CPU.ActiveCfg = Debug|Any CPU
		{2D39D011-D0A3-47AE-B6F7-032498447571}.Debug|Any CPU.Build.0 = Debug|Any CPU
		{2D39D011-D0A3-47AE-B6F7-032498447571}.Release|Any CPU.ActiveCfg = Release|Any CPU
		{2D39D011-D0A3-47AE-B6F7-032498447571}.Release|Any CPU.Build.0 = Release|Any CPU
	EndGlobalSection
	GlobalSection(SolutionProperties) = preSolution
		HideSolutionNode = FALSE
	EndGlobalSection
	GlobalSection(ExtensibilityGlobals) = postSolution
		SolutionGuid = {40890FAE-2474-4D81-8357-17C094E2D63B}
	EndGlobalSection
EndGlobal
