
Microsoft Visual Studio Solution File, Format Version 12.00
# Visual Studio 15
VisualStudioVersion = 15.0.28307.572
MinimumVisualStudioVersion = 10.0.40219.1
Project("{FAE04EC0-301F-11D3-BF4B-00C04F79EFBC}") = "W5_HashTable_E2", "W5_HashTable_E2\W5_HashTable_E2.csproj", "{9936BD1F-FC73-4336-B853-E84436A129FB}"
EndProject
Global
	GlobalSection(SolutionConfigurationPlatforms) = preSolution
		Debug|Any CPU = Debug|Any CPU
		Release|Any CPU = Release|Any CPU
	EndGlobalSection
	GlobalSection(ProjectConfigurationPlatforms) = postSolution
		{9936BD1F-FC73-4336-B853-E84436A129FB}.Debug|Any CPU.ActiveCfg = Debug|Any CPU
		{9936BD1F-FC73-4336-B853-E84436A129FB}.Debug|Any CPU.Build.0 = Debug|Any CPU
		{9936BD1F-FC73-4336-B853-E84436A129FB}.Release|Any CPU.ActiveCfg = Release|Any CPU
		{9936BD1F-FC73-4336-B853-E84436A129FB}.Release|Any CPU.Build.0 = Release|Any CPU
	EndGlobalSection
	GlobalSection(SolutionProperties) = preSolution
		HideSolutionNode = FALSE
	EndGlobalSection
	GlobalSection(ExtensibilityGlobals) = postSolution
		SolutionGuid = {28C29590-B7E1-4B94-AE66-5C1EB9D10320}
	EndGlobalSection
EndGlobal
